
Microsoft Visual Studio Solution File, Format Version 12.00
# Visual Studio 2013
VisualStudioVersion = 12.0.21005.1
MinimumVisualStudioVersion = 10.0.40219.1
Project("{FAE04EC0-301F-11D3-BF4B-00C04F79EFBC}") = "5-3 Radix", "5-3 Radix.csproj", "{EF21D13E-9B2E-45C0-BECC-0EA7C58A1ECF}"
EndProject
Global
	GlobalSection(SolutionConfigurationPlatforms) = preSolution
		Debug|Any CPU = Debug|Any CPU
		Release|Any CPU = Release|Any CPU
	EndGlobalSection
	GlobalSection(ProjectConfigurationPlatforms) = postSolution
		{EF21D13E-9B2E-45C0-BECC-0EA7C58A1ECF}.Debug|Any CPU.ActiveCfg = Debug|Any CPU
		{EF21D13E-9B2E-45C0-BECC-0EA7C58A1ECF}.Debug|Any CPU.Build.0 = Debug|Any CPU
		{EF21D13E-9B2E-45C0-BECC-0EA7C58A1ECF}.Release|Any CPU.ActiveCfg = Release|Any CPU
		{EF21D13E-9B2E-45C0-BECC-0EA7C58A1ECF}.Release|Any CPU.Build.0 = Release|Any CPU
	EndGlobalSection
	GlobalSection(SolutionProperties) = preSolution
		HideSolutionNode = FALSE
	EndGlobalSection
EndGlobal
